
Microsoft Visual Studio Solution File, Format Version 12.00
# Visual Studio 2013
VisualStudioVersion = 12.0.30110.0
MinimumVisualStudioVersion = 10.0.40219.1
Project("{FAE04EC0-301F-11D3-BF4B-00C04F79EFBC}") = "DAI.Cache", "DAI.Cache\DAI.Cache.csproj", "{9A8991AB-B003-45AE-9478-55FD613564FB}"
EndProject
Project("{FAE04EC0-301F-11D3-BF4B-00C04F79EFBC}") = "DAI.Cryptography", "DAI.Encryption\DAI.Cryptography.csproj", "{B78DFC29-FD37-42A4-A375-29AAFD7FC300}"
EndProject
Project("{FAE04EC0-301F-11D3-BF4B-00C04F79EFBC}") = "DAI.Exception", "DAI.Exception\DAI.Exception.csproj", "{D091BCC9-4DCF-4428-9C21-2BDF7C71DB33}"
EndProject
Project("{FAE04EC0-301F-11D3-BF4B-00C04F79EFBC}") = "DAI.Log", "DAI.Log\DAI.Log.csproj", "{AC793D8D-E408-4573-97B7-05852A7D0F9A}"
EndProject
Project("{FAE04EC0-301F-11D3-BF4B-00C04F79EFBC}") = "DAI.Extensions", "DAI.Extensions\DAI.Extensions.csproj", "{DAA74128-0CC5-421F-AF46-EBC67817A1A0}"
EndProject
Project("{FAE04EC0-301F-11D3-BF4B-00C04F79EFBC}") = "DAI.Cryptography.Test", "DAI.Cryptography.Test\DAI.Cryptography.Test.csproj", "{DAE5552C-EBD6-4972-98BC-827E5EDD8048}"
EndProject
Project("{FAE04EC0-301F-11D3-BF4B-00C04F79EFBC}") = "DAI.Cache.Test", "DAI.Cache.Test\DAI.Cache.Test.csproj", "{3DEFE6F3-6076-420D-BEC8-65FEC358D290}"
EndProject
Project("{FAE04EC0-301F-11D3-BF4B-00C04F79EFBC}") = "DAI.Exception.Test", "DAI.Exception.Test\DAI.Exception.Test.csproj", "{0CF7D89B-9CFA-456C-99D3-9B065E34F60A}"
EndProject
Project("{FAE04EC0-301F-11D3-BF4B-00C04F79EFBC}") = "DAI.Extensions.Test", "DAI.Extensions.Test\DAI.Extensions.Test.csproj", "{1C83DB99-962D-408E-B99C-9166B5384C2D}"
EndProject
Project("{FAE04EC0-301F-11D3-BF4B-00C04F79EFBC}") = "DAI.Log.Test", "DAI.Log.Test\DAI.Log.Test.csproj", "{D9AEA36E-A609-4980-9159-CE4B8370A402}"
EndProject
Project("{FAE04EC0-301F-11D3-BF4B-00C04F79EFBC}") = "DAI.Configuration", "DAI.Configuration\DAI.Configuration.csproj", "{678F64FB-7BF9-41B7-AAB6-E91179FA65FF}"
EndProject
Project("{FAE04EC0-301F-11D3-BF4B-00C04F79EFBC}") = "DAI.Rule.Attributes", "DAI.Rule.Attributes\DAI.Rule.Attributes.csproj", "{7D8E4706-B33E-4C72-A095-BF2C53C65536}"
EndProject
Project("{FAE04EC0-301F-11D3-BF4B-00C04F79EFBC}") = "DAI.Rule.Validation.Definition", "DAI.Rule.Validation.Definition\DAI.Rule.Validation.Definition.csproj", "{299CCB81-62E0-48A5-A9BE-FB76D06427B2}"
EndProject
Project("{FAE04EC0-301F-11D3-BF4B-00C04F79EFBC}") = "DAI.Rule.Validation", "DAI.Rule.Validation\DAI.Rule.Validation.csproj", "{C6626B3F-9798-4333-93CC-006C59009621}"
EndProject
Project("{FAE04EC0-301F-11D3-BF4B-00C04F79EFBC}") = "DAI.Orm", "DAI.Orm\DAI.Orm.csproj", "{BCF49533-5D8D-44D4-A5E0-4082D693B268}"
EndProject
Project("{FAE04EC0-301F-11D3-BF4B-00C04F79EFBC}") = "DAI.Orm.Test", "DAI.Orm.Test\DAI.Orm.Test.csproj", "{DD071C07-0442-4766-9F66-12BBAA3A8D0E}"
EndProject
Project("{2150E333-8FDC-42A3-9474-1A3956D46DE8}") = "Kitap Kodlar", "Kitap Kodlar", "{5DF07CB8-8475-4CAE-B8D7-FAD97DA303DE}"
EndProject
Global
	GlobalSection(SolutionConfigurationPlatforms) = preSolution
		Debug|Any CPU = Debug|Any CPU
		Release|Any CPU = Release|Any CPU
	EndGlobalSection
	GlobalSection(ProjectConfigurationPlatforms) = postSolution
		{9A8991AB-B003-45AE-9478-55FD613564FB}.Debug|Any CPU.ActiveCfg = Debug|Any CPU
		{9A8991AB-B003-45AE-9478-55FD613564FB}.Debug|Any CPU.Build.0 = Debug|Any CPU
		{9A8991AB-B003-45AE-9478-55FD613564FB}.Release|Any CPU.ActiveCfg = Release|Any CPU
		{9A8991AB-B003-45AE-9478-55FD613564FB}.Release|Any CPU.Build.0 = Release|Any CPU
		{B78DFC29-FD37-42A4-A375-29AAFD7FC300}.Debug|Any CPU.ActiveCfg = Debug|Any CPU
		{B78DFC29-FD37-42A4-A375-29AAFD7FC300}.Debug|Any CPU.Build.0 = Debug|Any CPU
		{B78DFC29-FD37-42A4-A375-29AAFD7FC300}.Release|Any CPU.ActiveCfg = Release|Any CPU
		{B78DFC29-FD37-42A4-A375-29AAFD7FC300}.Release|Any CPU.Build.0 = Release|Any CPU
		{D091BCC9-4DCF-4428-9C21-2BDF7C71DB33}.Debug|Any CPU.ActiveCfg = Debug|Any CPU
		{D091BCC9-4DCF-4428-9C21-2BDF7C71DB33}.Debug|Any CPU.Build.0 = Debug|Any CPU
		{D091BCC9-4DCF-4428-9C21-2BDF7C71DB33}.Release|Any CPU.ActiveCfg = Release|Any CPU
		{D091BCC9-4DCF-4428-9C21-2BDF7C71DB33}.Release|Any CPU.Build.0 = Release|Any CPU
		{AC793D8D-E408-4573-97B7-05852A7D0F9A}.Debug|Any CPU.ActiveCfg = Debug|Any CPU
		{AC793D8D-E408-4573-97B7-05852A7D0F9A}.Debug|Any CPU.Build.0 = Debug|Any CPU
		{AC793D8D-E408-4573-97B7-05852A7D0F9A}.Release|Any CPU.ActiveCfg = Release|Any CPU
		{AC793D8D-E408-4573-97B7-05852A7D0F9A}.Release|Any CPU.Build.0 = Release|Any CPU
		{DAA74128-0CC5-421F-AF46-EBC67817A1A0}.Debug|Any CPU.ActiveCfg = Debug|Any CPU
		{DAA74128-0CC5-421F-AF46-EBC67817A1A0}.Debug|Any CPU.Build.0 = Debug|Any CPU
		{DAA74128-0CC5-421F-AF46-EBC67817A1A0}.Release|Any CPU.ActiveCfg = Release|Any CPU
		{DAA74128-0CC5-421F-AF46-EBC67817A1A0}.Release|Any CPU.Build.0 = Release|Any CPU
		{DAE5552C-EBD6-4972-98BC-827E5EDD8048}.Debug|Any CPU.ActiveCfg = Debug|Any CPU
		{DAE5552C-EBD6-4972-98BC-827E5EDD8048}.Debug|Any CPU.Build.0 = Debug|Any CPU
		{DAE5552C-EBD6-4972-98BC-827E5EDD8048}.Release|Any CPU.ActiveCfg = Release|Any CPU
		{DAE5552C-EBD6-4972-98BC-827E5EDD8048}.Release|Any CPU.Build.0 = Release|Any CPU
		{3DEFE6F3-6076-420D-BEC8-65FEC358D290}.Debug|Any CPU.ActiveCfg = Debug|Any CPU
		{3DEFE6F3-6076-420D-BEC8-65FEC358D290}.Debug|Any CPU.Build.0 = Debug|Any CPU
		{3DEFE6F3-6076-420D-BEC8-65FEC358D290}.Release|Any CPU.ActiveCfg = Release|Any CPU
		{3DEFE6F3-6076-420D-BEC8-65FEC358D290}.Release|Any CPU.Build.0 = Release|Any CPU
		{0CF7D89B-9CFA-456C-99D3-9B065E34F60A}.Debug|Any CPU.ActiveCfg = Debug|Any CPU
		{0CF7D89B-9CFA-456C-99D3-9B065E34F60A}.Debug|Any CPU.Build.0 = Debug|Any CPU
		{0CF7D89B-9CFA-456C-99D3-9B065E34F60A}.Release|Any CPU.ActiveCfg = Release|Any CPU
		{0CF7D89B-9CFA-456C-99D3-9B065E34F60A}.Release|Any CPU.Build.0 = Release|Any CPU
		{1C83DB99-962D-408E-B99C-9166B5384C2D}.Debug|Any CPU.ActiveCfg = Debug|Any CPU
		{1C83DB99-962D-408E-B99C-9166B5384C2D}.Debug|Any CPU.Build.0 = Debug|Any CPU
		{1C83DB99-962D-408E-B99C-9166B5384C2D}.Release|Any CPU.ActiveCfg = Release|Any CPU
		{1C83DB99-962D-408E-B99C-9166B5384C2D}.Release|Any CPU.Build.0 = Release|Any CPU
		{D9AEA36E-A609-4980-9159-CE4B8370A402}.Debug|Any CPU.ActiveCfg = Debug|Any CPU
		{D9AEA36E-A609-4980-9159-CE4B8370A402}.Debug|Any CPU.Build.0 = Debug|Any CPU
		{D9AEA36E-A609-4980-9159-CE4B8370A402}.Release|Any CPU.ActiveCfg = Release|Any CPU
		{D9AEA36E-A609-4980-9159-CE4B8370A402}.Release|Any CPU.Build.0 = Release|Any CPU
		{678F64FB-7BF9-41B7-AAB6-E91179FA65FF}.Debug|Any CPU.ActiveCfg = Debug|Any CPU
		{678F64FB-7BF9-41B7-AAB6-E91179FA65FF}.Debug|Any CPU.Build.0 = Debug|Any CPU
		{678F64FB-7BF9-41B7-AAB6-E91179FA65FF}.Release|Any CPU.ActiveCfg = Release|Any CPU
		{678F64FB-7BF9-41B7-AAB6-E91179FA65FF}.Release|Any CPU.Build.0 = Release|Any CPU
		{7D8E4706-B33E-4C72-A095-BF2C53C65536}.Debug|Any CPU.ActiveCfg = Debug|Any CPU
		{7D8E4706-B33E-4C72-A095-BF2C53C65536}.Debug|Any CPU.Build.0 = Debug|Any CPU
		{7D8E4706-B33E-4C72-A095-BF2C53C65536}.Release|Any CPU.ActiveCfg = Release|Any CPU
		{7D8E4706-B33E-4C72-A095-BF2C53C65536}.Release|Any CPU.Build.0 = Release|Any CPU
		{299CCB81-62E0-48A5-A9BE-FB76D06427B2}.Debug|Any CPU.ActiveCfg = Debug|Any CPU
		{299CCB81-62E0-48A5-A9BE-FB76D06427B2}.Debug|Any CPU.Build.0 = Debug|Any CPU
		{299CCB81-62E0-48A5-A9BE-FB76D06427B2}.Release|Any CPU.ActiveCfg = Release|Any CPU
		{299CCB81-62E0-48A5-A9BE-FB76D06427B2}.Release|Any CPU.Build.0 = Release|Any CPU
		{C6626B3F-9798-4333-93CC-006C59009621}.Debug|Any CPU.ActiveCfg = Debug|Any CPU
		{C6626B3F-9798-4333-93CC-006C59009621}.Debug|Any CPU.Build.0 = Debug|Any CPU
		{C6626B3F-9798-4333-93CC-006C59009621}.Release|Any CPU.ActiveCfg = Release|Any CPU
		{C6626B3F-9798-4333-93CC-006C59009621}.Release|Any CPU.Build.0 = Release|Any CPU
		{BCF49533-5D8D-44D4-A5E0-4082D693B268}.Debug|Any CPU.ActiveCfg = Debug|Any CPU
		{BCF49533-5D8D-44D4-A5E0-4082D693B268}.Debug|Any CPU.Build.0 = Debug|Any CPU
		{BCF49533-5D8D-44D4-A5E0-4082D693B268}.Release|Any CPU.ActiveCfg = Release|Any CPU
		{BCF49533-5D8D-44D4-A5E0-4082D693B268}.Release|Any CPU.Build.0 = Release|Any CPU
		{DD071C07-0442-4766-9F66-12BBAA3A8D0E}.Debug|Any CPU.ActiveCfg = Debug|Any CPU
		{DD071C07-0442-4766-9F66-12BBAA3A8D0E}.Debug|Any CPU.Build.0 = Debug|Any CPU
		{DD071C07-0442-4766-9F66-12BBAA3A8D0E}.Release|Any CPU.ActiveCfg = Release|Any CPU
		{DD071C07-0442-4766-9F66-12BBAA3A8D0E}.Release|Any CPU.Build.0 = Release|Any CPU
	EndGlobalSection
	GlobalSection(SolutionProperties) = preSolution
		HideSolutionNode = FALSE
	EndGlobalSection
	GlobalSection(NestedProjects) = preSolution
		{B78DFC29-FD37-42A4-A375-29AAFD7FC300} = {5DF07CB8-8475-4CAE-B8D7-FAD97DA303DE}
		{D091BCC9-4DCF-4428-9C21-2BDF7C71DB33} = {5DF07CB8-8475-4CAE-B8D7-FAD97DA303DE}
		{AC793D8D-E408-4573-97B7-05852A7D0F9A} = {5DF07CB8-8475-4CAE-B8D7-FAD97DA303DE}
		{DAA74128-0CC5-421F-AF46-EBC67817A1A0} = {5DF07CB8-8475-4CAE-B8D7-FAD97DA303DE}
		{DAE5552C-EBD6-4972-98BC-827E5EDD8048} = {5DF07CB8-8475-4CAE-B8D7-FAD97DA303DE}
		{3DEFE6F3-6076-420D-BEC8-65FEC358D290} = {5DF07CB8-8475-4CAE-B8D7-FAD97DA303DE}
		{0CF7D89B-9CFA-456C-99D3-9B065E34F60A} = {5DF07CB8-8475-4CAE-B8D7-FAD97DA303DE}
		{1C83DB99-962D-408E-B99C-9166B5384C2D} = {5DF07CB8-8475-4CAE-B8D7-FAD97DA303DE}
		{D9AEA36E-A609-4980-9159-CE4B8370A402} = {5DF07CB8-8475-4CAE-B8D7-FAD97DA303DE}
		{678F64FB-7BF9-41B7-AAB6-E91179FA65FF} = {5DF07CB8-8475-4CAE-B8D7-FAD97DA303DE}
		{7D8E4706-B33E-4C72-A095-BF2C53C65536} = {5DF07CB8-8475-4CAE-B8D7-FAD97DA303DE}
		{299CCB81-62E0-48A5-A9BE-FB76D06427B2} = {5DF07CB8-8475-4CAE-B8D7-FAD97DA303DE}
		{C6626B3F-9798-4333-93CC-006C59009621} = {5DF07CB8-8475-4CAE-B8D7-FAD97DA303DE}
		{BCF49533-5D8D-44D4-A5E0-4082D693B268} = {5DF07CB8-8475-4CAE-B8D7-FAD97DA303DE}
		{DD071C07-0442-4766-9F66-12BBAA3A8D0E} = {5DF07CB8-8475-4CAE-B8D7-FAD97DA303DE}
		{9A8991AB-B003-45AE-9478-55FD613564FB} = {5DF07CB8-8475-4CAE-B8D7-FAD97DA303DE}
	EndGlobalSection
EndGlobal
